
Microsoft Visual Studio Solution File, Format Version 12.00
# Visual Studio Version 17
VisualStudioVersion = 17.3.32811.315
MinimumVisualStudioVersion = 10.0.40219.1
Project("{FAE04EC0-301F-11D3-BF4B-00C04F79EFBC}") = "Hospital_Management", "Hospital_Management\Hospital_Management.csproj", "{F01E1AEA-1FEA-4C03-8767-1E6AD006F613}"
EndProject
Global
	GlobalSection(SolutionConfigurationPlatforms) = preSolution
		Debug|Any CPU = Debug|Any CPU
		Release|Any CPU = Release|Any CPU
	EndGlobalSection
	GlobalSection(ProjectConfigurationPlatforms) = postSolution
		{F01E1AEA-1FEA-4C03-8767-1E6AD006F613}.Debug|Any CPU.ActiveCfg = Debug|Any CPU
		{F01E1AEA-1FEA-4C03-8767-1E6AD006F613}.Debug|Any CPU.Build.0 = Debug|Any CPU
		{F01E1AEA-1FEA-4C03-8767-1E6AD006F613}.Release|Any CPU.ActiveCfg = Release|Any CPU
		{F01E1AEA-1FEA-4C03-8767-1E6AD006F613}.Release|Any CPU.Build.0 = Release|Any CPU
	EndGlobalSection
	GlobalSection(SolutionProperties) = preSolution
		HideSolutionNode = FALSE
	EndGlobalSection
	GlobalSection(ExtensibilityGlobals) = postSolution
		SolutionGuid = {0F21751E-8E5E-43DA-ABB7-C106CF99895E}
	EndGlobalSection
EndGlobal
